<Solution>
  <Folder Name="/src/">
    <Project Path="src/Cat.Api/Cat.Api.csproj" />
    <Project Path="src/Cat.Aplicacao/Cat.Aplicacao.csproj" />
    <Project Path="src/Cat.Dominio/Cat.Dominio.csproj" />
    <Project Path="src/Cat.Infraestrutura/Cat.Infraestrutura.csproj" />
  </Folder>
  <Folder Name="/tests/">
    <Project Path="tests/Cat.Api.Testes/Cat.Api.Testes.csproj" />
    <Project Path="tests/Cat.Compatibilidade.Testes/Cat.Compatibilidade.Testes.csproj" />
    <Project Path="tests/Cat.Dominio.Testes/Cat.Dominio.Testes.csproj" />
  </Folder>
</Solution>
